
Microsoft Visual Studio Solution File, Format Version 12.00
# Visual Studio Version 17
VisualStudioVersion = 17.12.35527.113 d17.12
MinimumVisualStudioVersion = 10.0.40219.1
Project("{FAE04EC0-301F-11D3-BF4B-00C04F79EFBC}") = "5_UserInput", "5_UserInput\5_UserInput.csproj", "{B4F23301-CE74-48B2-A2FA-FD6EAEDD8CBE}"
EndProject
Global
	GlobalSection(SolutionConfigurationPlatforms) = preSolution
		Debug|Any CPU = Debug|Any CPU
		Release|Any CPU = Release|Any CPU
	EndGlobalSection
	GlobalSection(ProjectConfigurationPlatforms) = postSolution
		{B4F23301-CE74-48B2-A2FA-FD6EAEDD8CBE}.Debug|Any CPU.ActiveCfg = Debug|Any CPU
		{B4F23301-CE74-48B2-A2FA-FD6EAEDD8CBE}.Debug|Any CPU.Build.0 = Debug|Any CPU
		{B4F23301-CE74-48B2-A2FA-FD6EAEDD8CBE}.Release|Any CPU.ActiveCfg = Release|Any CPU
		{B4F23301-CE74-48B2-A2FA-FD6EAEDD8CBE}.Release|Any CPU.Build.0 = Release|Any CPU
	EndGlobalSection
	GlobalSection(SolutionProperties) = preSolution
		HideSolutionNode = FALSE
	EndGlobalSection
EndGlobal
