
Microsoft Visual Studio Solution File, Format Version 12.00
# Visual Studio Version 17
VisualStudioVersion = 17.12.35527.113 d17.12
MinimumVisualStudioVersion = 10.0.40219.1
Project("{FAE04EC0-301F-11D3-BF4B-00C04F79EFBC}") = "32_Constructors", "32_Constructors\32_Constructors.csproj", "{537E9B35-0B43-403B-B72F-A1D48A50DC13}"
EndProject
Global
	GlobalSection(SolutionConfigurationPlatforms) = preSolution
		Debug|Any CPU = Debug|Any CPU
		Release|Any CPU = Release|Any CPU
	EndGlobalSection
	GlobalSection(ProjectConfigurationPlatforms) = postSolution
		{537E9B35-0B43-403B-B72F-A1D48A50DC13}.Debug|Any CPU.ActiveCfg = Debug|Any CPU
		{537E9B35-0B43-403B-B72F-A1D48A50DC13}.Debug|Any CPU.Build.0 = Debug|Any CPU
		{537E9B35-0B43-403B-B72F-A1D48A50DC13}.Release|Any CPU.ActiveCfg = Release|Any CPU
		{537E9B35-0B43-403B-B72F-A1D48A50DC13}.Release|Any CPU.Build.0 = Release|Any CPU
	EndGlobalSection
	GlobalSection(SolutionProperties) = preSolution
		HideSolutionNode = FALSE
	EndGlobalSection
EndGlobal
